
Microsoft Visual Studio Solution File, Format Version 12.00
# Visual Studio Version 17
VisualStudioVersion = 17.10.35122.118
MinimumVisualStudioVersion = 10.0.40219.1
Project("{FAE04EC0-301F-11D3-BF4B-00C04F79EFBC}") = "Medical.Api", "Medical.Api\Medical.Api.csproj", "{32A24842-C966-440F-ACD1-1547B64DE1B9}"
EndProject
Project("{FAE04EC0-301F-11D3-BF4B-00C04F79EFBC}") = "Medical.Application", "Medical.Application\Medical.Application.csproj", "{7FC23A77-BCE0-4965-BB1B-5B7ADE2FB569}"
EndProject
Project("{FAE04EC0-301F-11D3-BF4B-00C04F79EFBC}") = "Medical.Domain", "Medical.Domain\Medical.Domain.csproj", "{5A1A2EA5-A68A-485D-A7ED-2DE1B5C3F1D6}"
EndProject
Project("{FAE04EC0-301F-11D3-BF4B-00C04F79EFBC}") = "Medical.Persistence", "Medical.Persistence\Medical.Persistence.csproj", "{8D86D59D-6F6C-447F-93B6-6FA52C898C6C}"
EndProject
Project("{FAE04EC0-301F-11D3-BF4B-00C04F79EFBC}") = "Medical.External", "Medical.External\Medical.External.csproj", "{A609578A-0C26-43FC-A6FA-EC9C3B42AE66}"
EndProject
Global
	GlobalSection(SolutionConfigurationPlatforms) = preSolution
		Debug|Any CPU = Debug|Any CPU
		Release|Any CPU = Release|Any CPU
	EndGlobalSection
	GlobalSection(ProjectConfigurationPlatforms) = postSolution
		{32A24842-C966-440F-ACD1-1547B64DE1B9}.Debug|Any CPU.ActiveCfg = Debug|Any CPU
		{32A24842-C966-440F-ACD1-1547B64DE1B9}.Debug|Any CPU.Build.0 = Debug|Any CPU
		{32A24842-C966-440F-ACD1-1547B64DE1B9}.Release|Any CPU.ActiveCfg = Release|Any CPU
		{32A24842-C966-440F-ACD1-1547B64DE1B9}.Release|Any CPU.Build.0 = Release|Any CPU
		{7FC23A77-BCE0-4965-BB1B-5B7ADE2FB569}.Debug|Any CPU.ActiveCfg = Debug|Any CPU
		{7FC23A77-BCE0-4965-BB1B-5B7ADE2FB569}.Debug|Any CPU.Build.0 = Debug|Any CPU
		{7FC23A77-BCE0-4965-BB1B-5B7ADE2FB569}.Release|Any CPU.ActiveCfg = Release|Any CPU
		{7FC23A77-BCE0-4965-BB1B-5B7ADE2FB569}.Release|Any CPU.Build.0 = Release|Any CPU
		{5A1A2EA5-A68A-485D-A7ED-2DE1B5C3F1D6}.Debug|Any CPU.ActiveCfg = Debug|Any CPU
		{5A1A2EA5-A68A-485D-A7ED-2DE1B5C3F1D6}.Debug|Any CPU.Build.0 = Debug|Any CPU
		{5A1A2EA5-A68A-485D-A7ED-2DE1B5C3F1D6}.Release|Any CPU.ActiveCfg = Release|Any CPU
		{5A1A2EA5-A68A-485D-A7ED-2DE1B5C3F1D6}.Release|Any CPU.Build.0 = Release|Any CPU
		{8D86D59D-6F6C-447F-93B6-6FA52C898C6C}.Debug|Any CPU.ActiveCfg = Debug|Any CPU
		{8D86D59D-6F6C-447F-93B6-6FA52C898C6C}.Debug|Any CPU.Build.0 = Debug|Any CPU
		{8D86D59D-6F6C-447F-93B6-6FA52C898C6C}.Release|Any CPU.ActiveCfg = Release|Any CPU
		{8D86D59D-6F6C-447F-93B6-6FA52C898C6C}.Release|Any CPU.Build.0 = Release|Any CPU
		{A609578A-0C26-43FC-A6FA-EC9C3B42AE66}.Debug|Any CPU.ActiveCfg = Debug|Any CPU
		{A609578A-0C26-43FC-A6FA-EC9C3B42AE66}.Debug|Any CPU.Build.0 = Debug|Any CPU
		{A609578A-0C26-43FC-A6FA-EC9C3B42AE66}.Release|Any CPU.ActiveCfg = Release|Any CPU
		{A609578A-0C26-43FC-A6FA-EC9C3B42AE66}.Release|Any CPU.Build.0 = Release|Any CPU
	EndGlobalSection
	GlobalSection(SolutionProperties) = preSolution
		HideSolutionNode = FALSE
	EndGlobalSection
	GlobalSection(ExtensibilityGlobals) = postSolution
		SolutionGuid = {4DEDE8BF-CF93-4C44-B795-82569E4559B4}
	EndGlobalSection
EndGlobal
